// !$*UTF8*$!
{
	archiveVersion = 1;
	classes = {
	};
	objectVersion = 50;
	objects = {

/* Begin PBXBuildFile section */
		8E8F6C852658044F00E4B525 /* AppDelegate.swift in Sources */ = {isa = PBXBuildFile; fileRef = 8E8F6C842658044F00E4B525 /* AppDelegate.swift */; };
		8E8F6C872658044F00E4B525 /* SceneDelegate.swift in Sources */ = {isa = PBXBuildFile; fileRef = 8E8F6C862658044F00E4B525 /* SceneDelegate.swift */; };
		8E8F6C8C2658044F00E4B525 /* Main.storyboard in Resources */ = {isa = PBXBuildFile; fileRef = 8E8F6C8A2658044F00E4B525 /* Main.storyboard */; };
		8E8F6C8F2658044F00E4B525 /* Pair.xcdatamodeld in Sources */ = {isa = PBXBuildFile; fileRef = 8E8F6C8D2658044F00E4B525 /* Pair.xcdatamodeld */; };
		8E8F6C912658045100E4B525 /* Assets.xcassets in Resources */ = {isa = PBXBuildFile; fileRef = 8E8F6C902658045100E4B525 /* Assets.xcassets */; };
		8E8F6C942658045100E4B525 /* LaunchScreen.storyboard in Resources */ = {isa = PBXBuildFile; fileRef = 8E8F6C922658045100E4B525 /* LaunchScreen.storyboard */; };
		8E8F6CA4265805E100E4B525 /* CoreDataStack.swift in Sources */ = {isa = PBXBuildFile; fileRef = 8E8F6CA3265805E100E4B525 /* CoreDataStack.swift */; };
		8E8F6CA72658061800E4B525 /* Person+Convenience.swift in Sources */ = {isa = PBXBuildFile; fileRef = 8E8F6CA62658061800E4B525 /* Person+Convenience.swift */; };
		8E8F6CAC2658081B00E4B525 /* PersonController.swift in Sources */ = {isa = PBXBuildFile; fileRef = 8E8F6CAB2658081B00E4B525 /* PersonController.swift */; };
		8E8F6CB026580B3A00E4B525 /* PersonListViewController.swift in Sources */ = {isa = PBXBuildFile; fileRef = 8E8F6CAF26580B3A00E4B525 /* PersonListViewController.swift */; };
/* End PBXBuildFile section */

/* Begin PBXFileReference section */
		8E8F6C812658044F00E4B525 /* Pair.app */ = {isa = PBXFileReference; explicitFileType = wrapper.application; includeInIndex = 0; path = Pair.app; sourceTree = BUILT_PRODUCTS_DIR; };
		8E8F6C842658044F00E4B525 /* AppDelegate.swift */ = {isa = PBXFileReference; lastKnownFileType = sourcecode.swift; path = AppDelegate.swift; sourceTree = "<group>"; };
		8E8F6C862658044F00E4B525 /* SceneDelegate.swift */ = {isa = PBXFileReference; lastKnownFileType = sourcecode.swift; path = SceneDelegate.swift; sourceTree = "<group>"; };
		8E8F6C8B2658044F00E4B525 /* Base */ = {isa = PBXFileReference; lastKnownFileType = file.storyboard; name = Base; path = Base.lproj/Main.storyboard; sourceTree = "<group>"; };
		8E8F6C8E2658044F00E4B525 /* Pair.xcdatamodel */ = {isa = PBXFileReference; lastKnownFileType = wrapper.xcdatamodel; path = Pair.xcdatamodel; sourceTree = "<group>"; };
		8E8F6C902658045100E4B525 /* Assets.xcassets */ = {isa = PBXFileReference; lastKnownFileType = folder.assetcatalog; path = Assets.xcassets; sourceTree = "<group>"; };
		8E8F6C932658045100E4B525 /* Base */ = {isa = PBXFileReference; lastKnownFileType = file.storyboard; name = Base; path = Base.lproj/LaunchScreen.storyboard; sourceTree = "<group>"; };
		8E8F6C952658045100E4B525 /* Info.plist */ = {isa = PBXFileReference; lastKnownFileType = text.plist.xml; path = Info.plist; sourceTree = "<group>"; };
		8E8F6CA3265805E100E4B525 /* CoreDataStack.swift */ = {isa = PBXFileReference; lastKnownFileType = sourcecode.swift; path = CoreDataStack.swift; sourceTree = "<group>"; };
		8E8F6CA62658061800E4B525 /* Person+Convenience.swift */ = {isa = PBXFileReference; lastKnownFileType = sourcecode.swift; path = "Person+Convenience.swift"; sourceTree = "<group>"; };
		8E8F6CAB2658081B00E4B525 /* PersonController.swift */ = {isa = PBXFileReference; lastKnownFileType = sourcecode.swift; path = PersonController.swift; sourceTree = "<group>"; };
		8E8F6CAF26580B3A00E4B525 /* PersonListViewController.swift */ = {isa = PBXFileReference; lastKnownFileType = sourcecode.swift; path = PersonListViewController.swift; sourceTree = "<group>"; };
/* End PBXFileReference section */

/* Begin PBXFrameworksBuildPhase section */
		8E8F6C7E2658044F00E4B525 /* Frameworks */ = {
			isa = PBXFrameworksBuildPhase;
			buildActionMask = 2147483647;
			files = (
			);
			runOnlyForDeploymentPostprocessing = 0;
		};
/* End PBXFrameworksBuildPhase section */

/* Begin PBXGroup section */
		8E8F6C782658044F00E4B525 = {
			isa = PBXGroup;
			children = (
				8E8F6C832658044F00E4B525 /* Pair */,
				8E8F6C822658044F00E4B525 /* Products */,
			);
			sourceTree = "<group>";
		};
		8E8F6C822658044F00E4B525 /* Products */ = {
			isa = PBXGroup;
			children = (
				8E8F6C812658044F00E4B525 /* Pair.app */,
			);
			name = Products;
			sourceTree = "<group>";
		};
		8E8F6C832658044F00E4B525 /* Pair */ = {
			isa = PBXGroup;
			children = (
				8E8F6CA22658056A00E4B525 /* Core Data */,
				8E8F6C9F2658055400E4B525 /* Controllers */,
				8E8F6C9E2658054E00E4B525 /* Views */,
				8E8F6C9C2658047300E4B525 /* Resources */,
			);
			path = Pair;
			sourceTree = "<group>";
		};
		8E8F6C9C2658047300E4B525 /* Resources */ = {
			isa = PBXGroup;
			children = (
				8E8F6C842658044F00E4B525 /* AppDelegate.swift */,
				8E8F6C862658044F00E4B525 /* SceneDelegate.swift */,
				8E8F6C902658045100E4B525 /* Assets.xcassets */,
				8E8F6C922658045100E4B525 /* LaunchScreen.storyboard */,
				8E8F6C952658045100E4B525 /* Info.plist */,
			);
			path = Resources;
			sourceTree = "<group>";
		};
		8E8F6C9E2658054E00E4B525 /* Views */ = {
			isa = PBXGroup;
			children = (
				8E8F6CA9265806AA00E4B525 /* Storyboards */,
			);
			path = Views;
			sourceTree = "<group>";
		};
		8E8F6C9F2658055400E4B525 /* Controllers */ = {
			isa = PBXGroup;
			children = (
				8E8F6CA12658056200E4B525 /* Model Controllers */,
				8E8F6CA02658055A00E4B525 /* View Controllers */,
			);
			path = Controllers;
			sourceTree = "<group>";
		};
		8E8F6CA02658055A00E4B525 /* View Controllers */ = {
			isa = PBXGroup;
			children = (
				8E8F6CAF26580B3A00E4B525 /* PersonListViewController.swift */,
			);
			path = "View Controllers";
			sourceTree = "<group>";
		};
		8E8F6CA12658056200E4B525 /* Model Controllers */ = {
			isa = PBXGroup;
			children = (
				8E8F6CAB2658081B00E4B525 /* PersonController.swift */,
			);
			path = "Model Controllers";
			sourceTree = "<group>";
		};
		8E8F6CA22658056A00E4B525 /* Core Data */ = {
			isa = PBXGroup;
			children = (
				8E8F6C8D2658044F00E4B525 /* Pair.xcdatamodeld */,
				8E8F6CA3265805E100E4B525 /* CoreDataStack.swift */,
				8E8F6CA62658061800E4B525 /* Person+Convenience.swift */,
			);
			path = "Core Data";
			sourceTree = "<group>";
		};
		8E8F6CA9265806AA00E4B525 /* Storyboards */ = {
			isa = PBXGroup;
			children = (
				8E8F6C8A2658044F00E4B525 /* Main.storyboard */,
			);
			path = Storyboards;
			sourceTree = "<group>";
		};
/* End PBXGroup section */

/* Begin PBXNativeTarget section */
		8E8F6C802658044F00E4B525 /* Pair */ = {
			isa = PBXNativeTarget;
			buildConfigurationList = 8E8F6C982658045100E4B525 /* Build configuration list for PBXNativeTarget "Pair" */;
			buildPhases = (
				8E8F6C7D2658044F00E4B525 /* Sources */,
				8E8F6C7E2658044F00E4B525 /* Frameworks */,
				8E8F6C7F2658044F00E4B525 /* Resources */,
			);
			buildRules = (
			);
			dependencies = (
			);
			name = Pair;
			productName = Pair;
			productReference = 8E8F6C812658044F00E4B525 /* Pair.app */;
			productType = "com.apple.product-type.application";
		};
/* End PBXNativeTarget section */

/* Begin PBXProject section */
		8E8F6C792658044F00E4B525 /* Project object */ = {
			isa = PBXProject;
			attributes = {
				LastSwiftUpdateCheck = 1240;
				LastUpgradeCheck = 1240;
				TargetAttributes = {
					8E8F6C802658044F00E4B525 = {
						CreatedOnToolsVersion = 12.4;
					};
				};
			};
			buildConfigurationList = 8E8F6C7C2658044F00E4B525 /* Build configuration list for PBXProject "Pair" */;
			compatibilityVersion = "Xcode 9.3";
			developmentRegion = en;
			hasScannedForEncodings = 0;
			knownRegions = (
				en,
				Base,
			);
			mainGroup = 8E8F6C782658044F00E4B525;
			productRefGroup = 8E8F6C822658044F00E4B525 /* Products */;
			projectDirPath = "";
			projectRoot = "";
			targets = (
				8E8F6C802658044F00E4B525 /* Pair */,
			);
		};
/* End PBXProject section */

/* Begin PBXResourcesBuildPhase section */
		8E8F6C7F2658044F00E4B525 /* Resources */ = {
			isa = PBXResourcesBuildPhase;
			buildActionMask = 2147483647;
			files = (
				8E8F6C942658045100E4B525 /* LaunchScreen.storyboard in Resources */,
				8E8F6C912658045100E4B525 /* Assets.xcassets in Resources */,
				8E8F6C8C2658044F00E4B525 /* Main.storyboard in Resources */,
			);
			runOnlyForDeploymentPostprocessing = 0;
		};
/* End PBXResourcesBuildPhase section */

/* Begin PBXSourcesBuildPhase section */
		8E8F6C7D2658044F00E4B525 /* Sources */ = {
			isa = PBXSourcesBuildPhase;
			buildActionMask = 2147483647;
			files = (
				8E8F6C8F2658044F00E4B525 /* Pair.xcdatamodeld in Sources */,
				8E8F6C852658044F00E4B525 /* AppDelegate.swift in Sources */,
				8E8F6C872658044F00E4B525 /* SceneDelegate.swift in Sources */,
				8E8F6CA72658061800E4B525 /* Person+Convenience.swift in Sources */,
				8E8F6CAC2658081B00E4B525 /* PersonController.swift in Sources */,
				8E8F6CA4265805E100E4B525 /* CoreDataStack.swift in Sources */,
				8E8F6CB026580B3A00E4B525 /* PersonListViewController.swift in Sources */,
			);
			runOnlyForDeploymentPostprocessing = 0;
		};
/* End PBXSourcesBuildPhase section */

/* Begin PBXVariantGroup section */
		8E8F6C8A2658044F00E4B525 /* Main.storyboard */ = {
			isa = PBXVariantGroup;
			children = (
				8E8F6C8B2658044F00E4B525 /* Base */,
			);
			name = Main.storyboard;
			sourceTree = "<group>";
		};
		8E8F6C922658045100E4B525 /* LaunchScreen.storyboard */ = {
			isa = PBXVariantGroup;
			children = (
				8E8F6C932658045100E4B525 /* Base */,
			);
			name = LaunchScreen.storyboard;
			sourceTree = "<group>";
		};
/* End PBXVariantGroup section */

/* Begin XCBuildConfiguration section */
		8E8F6C962658045100E4B525 /* Debug */ = {
			isa = XCBuildConfiguration;
			buildSettings = {
				ALWAYS_SEARCH_USER_PATHS = NO;
				CLANG_ANALYZER_NONNULL = YES;
				CLANG_ANALYZER_NUMBER_OBJECT_CONVERSION = YES_AGGRESSIVE;
				CLANG_CXX_LANGUAGE_STANDARD = "gnu++14";
				CLANG_CXX_LIBRARY = "libc++";
				CLANG_ENABLE_MODULES = YES;
				CLANG_ENABLE_OBJC_ARC = YES;
				CLANG_ENABLE_OBJC_WEAK = YES;
				CLANG_WARN_BLOCK_CAPTURE_AUTORELEASING = YES;
				CLANG_WARN_BOOL_CONVERSION = YES;
				CLANG_WARN_COMMA = YES;
				CLANG_WARN_CONSTANT_CONVERSION = YES;
				CLANG_WARN_DEPRECATED_OBJC_IMPLEMENTATIONS = YES;
				CLANG_WARN_DIRECT_OBJC_ISA_USAGE = YES_ERROR;
				CLANG_WARN_DOCUMENTATION_COMMENTS = YES;
				CLANG_WARN_EMPTY_BODY = YES;
				CLANG_WARN_ENUM_CONVERSION = YES;
				CLANG_WARN_INFINITE_RECURSION = YES;
				CLANG_WARN_INT_CONVERSION = YES;
				CLANG_WARN_NON_LITERAL_NULL_CONVERSION = YES;
				CLANG_WARN_OBJC_IMPLICIT_RETAIN_SELF = YES;
				CLANG_WARN_OBJC_LITERAL_CONVERSION = YES;
				CLANG_WARN_OBJC_ROOT_CLASS = YES_ERROR;
				CLANG_WARN_QUOTED_INCLUDE_IN_FRAMEWORK_HEADER = YES;
				CLANG_WARN_RANGE_LOOP_ANALYSIS = YES;
				CLANG_WARN_STRICT_PROTOTYPES = YES;
				CLANG_WARN_SUSPICIOUS_MOVE = YES;
				CLANG_WARN_UNGUARDED_AVAILABILITY = YES_AGGRESSIVE;
				CLANG_WARN_UNREACHABLE_CODE = YES;
				CLANG_WARN__DUPLICATE_METHOD_MATCH = YES;
				COPY_PHASE_STRIP = NO;
				DEBUG_INFORMATION_FORMAT = dwarf;
				ENABLE_STRICT_OBJC_MSGSEND = YES;
				ENABLE_TESTABILITY = YES;
				GCC_C_LANGUAGE_STANDARD = gnu11;
				GCC_DYNAMIC_NO_PIC = NO;
				GCC_NO_COMMON_BLOCKS = YES;
				GCC_OPTIMIZATION_LEVEL = 0;
				GCC_PREPROCESSOR_DEFINITIONS = (
					"DEBUG=1",
					"$(inherited)",
				);
				GCC_WARN_64_TO_32_BIT_CONVERSION = YES;
				GCC_WARN_ABOUT_RETURN_TYPE = YES_ERROR;
				GCC_WARN_UNDECLARED_SELECTOR = YES;
				GCC_WARN_UNINITIALIZED_AUTOS = YES_AGGRESSIVE;
				GCC_WARN_UNUSED_FUNCTION = YES;
				GCC_WARN_UNUSED_VARIABLE = YES;
				IPHONEOS_DEPLOYMENT_TARGET = 14.4;
				MTL_ENABLE_DEBUG_INFO = INCLUDE_SOURCE;
				MTL_FAST_MATH = YES;
				ONLY_ACTIVE_ARCH = YES;
				SDKROOT = iphoneos;
				SWIFT_ACTIVE_COMPILATION_CONDITIONS = DEBUG;
				SWIFT_OPTIMIZATION_LEVEL = "-Onone";
			};
			name = Debug;
		};
		8E8F6C972658045100E4B525 /* Release */ = {
			isa = XCBuildConfiguration;
			buildSettings = {
				ALWAYS_SEARCH_USER_PATHS = NO;
				CLANG_ANALYZER_NONNULL = YES;
				CLANG_ANALYZER_NUMBER_OBJECT_CONVERSION = YES_AGGRESSIVE;
				CLANG_CXX_LANGUAGE_STANDARD = "gnu++14";
				CLANG_CXX_LIBRARY = "libc++";
				CLANG_ENABLE_MODULES = YES;
				CLANG_ENABLE_OBJC_ARC = YES;
				CLANG_ENABLE_OBJC_WEAK = YES;
				CLANG_WARN_BLOCK_CAPTURE_AUTORELEASING = YES;
				CLANG_WARN_BOOL_CONVERSION = YES;
				CLANG_WARN_COMMA = YES;
				CLANG_WARN_CONSTANT_CONVERSION = YES;
				CLANG_WARN_DEPRECATED_OBJC_IMPLEMENTATIONS = YES;
				CLANG_WARN_DIRECT_OBJC_ISA_USAGE = YES_ERROR;
				CLANG_WARN_DOCUMENTATION_COMMENTS = YES;
				CLANG_WARN_EMPTY_BODY = YES;
				CLANG_WARN_ENUM_CONVERSION = YES;
				CLANG_WARN_INFINITE_RECURSION = YES;
				CLANG_WARN_INT_CONVERSION = YES;
				CLANG_WARN_NON_LITERAL_NULL_CONVERSION = YES;
				CLANG_WARN_OBJC_IMPLICIT_RETAIN_SELF = YES;
				CLANG_WARN_OBJC_LITERAL_CONVERSION = YES;
				CLANG_WARN_OBJC_ROOT_CLASS = YES_ERROR;
				CLANG_WARN_QUOTED_INCLUDE_IN_FRAMEWORK_HEADER = YES;
				CLANG_WARN_RANGE_LOOP_ANALYSIS = YES;
				CLANG_WARN_STRICT_PROTOTYPES = YES;
				CLANG_WARN_SUSPICIOUS_MOVE = YES;
				CLANG_WARN_UNGUARDED_AVAILABILITY = YES_AGGRESSIVE;
				CLANG_WARN_UNREACHABLE_CODE = YES;
				CLANG_WARN__DUPLICATE_METHOD_MATCH = YES;
				COPY_PHASE_STRIP = NO;
				DEBUG_INFORMATION_FORMAT = "dwarf-with-dsym";
				ENABLE_NS_ASSERTIONS = NO;
				ENABLE_STRICT_OBJC_MSGSEND = YES;
				GCC_C_LANGUAGE_STANDARD = gnu11;
				GCC_NO_COMMON_BLOCKS = YES;
				GCC_WARN_64_TO_32_BIT_CONVERSION = YES;
				GCC_WARN_ABOUT_RETURN_TYPE = YES_ERROR;
				GCC_WARN_UNDECLARED_SELECTOR = YES;
				GCC_WARN_UNINITIALIZED_AUTOS = YES_AGGRESSIVE;
				GCC_WARN_UNUSED_FUNCTION = YES;
				GCC_WARN_UNUSED_VARIABLE = YES;
				IPHONEOS_DEPLOYMENT_TARGET = 14.4;
				MTL_ENABLE_DEBUG_INFO = NO;
				MTL_FAST_MATH = YES;
				SDKROOT = iphoneos;
				SWIFT_COMPILATION_MODE = wholemodule;
				SWIFT_OPTIMIZATION_LEVEL = "-O";
				VALIDATE_PRODUCT = YES;
			};
			name = Release;
		};
		8E8F6C992658045100E4B525 /* Debug */ = {
			isa = XCBuildConfiguration;
			buildSettings = {
				ASSETCATALOG_COMPILER_APPICON_NAME = AppIcon;
				ASSETCATALOG_COMPILER_GLOBAL_ACCENT_COLOR_NAME = AccentColor;
				CODE_SIGN_STYLE = Automatic;
				INFOPLIST_FILE = Pair/Resources/Info.plist;
				LD_RUNPATH_SEARCH_PATHS = (
					"$(inherited)",
					"@executable_path/Frameworks",
				);
				PRODUCT_BUNDLE_IDENTIFIER = com.tiffanysakaguchi.Pair;
				PRODUCT_NAME = "$(TARGET_NAME)";
				SWIFT_VERSION = 5.0;
				TARGETED_DEVICE_FAMILY = "1,2";
			};
			name = Debug;
		};
		8E8F6C9A2658045100E4B525 /* Release */ = {
			isa = XCBuildConfiguration;
			buildSettings = {
				ASSETCATALOG_COMPILER_APPICON_NAME = AppIcon;
				ASSETCATALOG_COMPILER_GLOBAL_ACCENT_COLOR_NAME = AccentColor;
				CODE_SIGN_STYLE = Automatic;
				INFOPLIST_FILE = Pair/Resources/Info.plist;
				LD_RUNPATH_SEARCH_PATHS = (
					"$(inherited)",
					"@executable_path/Frameworks",
				);
				PRODUCT_BUNDLE_IDENTIFIER = com.tiffanysakaguchi.Pair;
				PRODUCT_NAME = "$(TARGET_NAME)";
				SWIFT_VERSION = 5.0;
				TARGETED_DEVICE_FAMILY = "1,2";
			};
			name = Release;
		};
/* End XCBuildConfiguration section */

/* Begin XCConfigurationList section */
		8E8F6C7C2658044F00E4B525 /* Build configuration list for PBXProject "Pair" */ = {
			isa = XCConfigurationList;
			buildConfigurations = (
				8E8F6C962658045100E4B525 /* Debug */,
				8E8F6C972658045100E4B525 /* Release */,
			);
			defaultConfigurationIsVisible = 0;
			defaultConfigurationName = Release;
		};
		8E8F6C982658045100E4B525 /* Build configuration list for PBXNativeTarget "Pair" */ = {
			isa = XCConfigurationList;
			buildConfigurations = (
				8E8F6C992658045100E4B525 /* Debug */,
				8E8F6C9A2658045100E4B525 /* Release */,
			);
			defaultConfigurationIsVisible = 0;
			defaultConfigurationName = Release;
		};
/* End XCConfigurationList section */

/* Begin XCVersionGroup section */
		8E8F6C8D2658044F00E4B525 /* Pair.xcdatamodeld */ = {
			isa = XCVersionGroup;
			children = (
				8E8F6C8E2658044F00E4B525 /* Pair.xcdatamodel */,
			);
			currentVersion = 8E8F6C8E2658044F00E4B525 /* Pair.xcdatamodel */;
			path = Pair.xcdatamodeld;
			sourceTree = "<group>";
			versionGroupType = wrapper.xcdatamodel;
		};
/* End XCVersionGroup section */
	};
	rootObject = 8E8F6C792658044F00E4B525 /* Project object */;
}
